{
  "name": "eve-api-server",
  "version": "1.0.0",
  "lockfileVersion": 1,
  "requires": true,
  "dependencies": {
    "@es4x/create": {
      "version": "0.14.0",
      "resolved": "https://registry.npm.taobao.org/@es4x/create/download/@es4x/create-0.14.0.tgz",
      "integrity": "sha1-g0lfrmBJDt3FP3K/t6OxX6m8UeQ=",
      "dev": true
    },
    "@vertx/core": {
      "version": "4.0.0",
      "resolved": "https://registry.npm.taobao.org/@vertx/core/download/@vertx/core-4.0.0.tgz",
      "integrity": "sha1-2BfPv4vy8SznoSyF8hI2IcD7N9k="
    },
    "@vertx/unit": {
      "version": "4.0.0",
      "resolved": "https://registry.npm.taobao.org/@vertx/unit/download/@vertx/unit-4.0.0.tgz",
      "integrity": "sha1-o+Bs49qZ13xgmXHkqUmcoZoC22s=",
      "dev": true,
      "requires": {
        "@vertx/core": "4.0.0"
      }
    },
    "typescript": {
      "version": "4.1.2",
      "resolved": "https://registry.npm.taobao.org/typescript/download/typescript-4.1.2.tgz?cache=0&sync_timestamp=1607503709527&other_urls=https%3A%2F%2Fregistry.npm.taobao.org%2Ftypescript%2Fdownload%2Ftypescript-4.1.2.tgz",
      "integrity": "sha1-Y2nvIlFv5eEDBKrlpcSGLbVTgOk=",
      "dev": true
    }
  }
}
